
Microsoft Visual Studio Solution File, Format Version 12.00
# Visual Studio 2013
VisualStudioVersion = 12.0.21005.1
MinimumVisualStudioVersion = 10.0.40219.1
Project("{FAE04EC0-301F-11D3-BF4B-00C04F79EFBC}") = "BrainFuzz", "BrainFuzz\BrainFuzz.csproj", "{D301B25F-F8DA-4AAF-B2ED-39EE66CFFE80}"
EndProject
Project("{FAE04EC0-301F-11D3-BF4B-00C04F79EFBC}") = "BrainFuzzInterpreter", "..\BrainFuzzInterpreter\BrainFuzzInterpreter\BrainFuzzInterpreter.csproj", "{5D55A6D8-8E78-46F4-928D-FDC4505F2CE3}"
EndProject
Global
	GlobalSection(SolutionConfigurationPlatforms) = preSolution
		Debug|Any CPU = Debug|Any CPU
		Release|Any CPU = Release|Any CPU
	EndGlobalSection
	GlobalSection(ProjectConfigurationPlatforms) = postSolution
		{D301B25F-F8DA-4AAF-B2ED-39EE66CFFE80}.Debug|Any CPU.ActiveCfg = Debug|Any CPU
		{D301B25F-F8DA-4AAF-B2ED-39EE66CFFE80}.Debug|Any CPU.Build.0 = Debug|Any CPU
		{D301B25F-F8DA-4AAF-B2ED-39EE66CFFE80}.Release|Any CPU.ActiveCfg = Release|Any CPU
		{D301B25F-F8DA-4AAF-B2ED-39EE66CFFE80}.Release|Any CPU.Build.0 = Release|Any CPU
		{5D55A6D8-8E78-46F4-928D-FDC4505F2CE3}.Debug|Any CPU.ActiveCfg = Debug|Any CPU
		{5D55A6D8-8E78-46F4-928D-FDC4505F2CE3}.Debug|Any CPU.Build.0 = Debug|Any CPU
		{5D55A6D8-8E78-46F4-928D-FDC4505F2CE3}.Release|Any CPU.ActiveCfg = Release|Any CPU
		{5D55A6D8-8E78-46F4-928D-FDC4505F2CE3}.Release|Any CPU.Build.0 = Release|Any CPU
	EndGlobalSection
	GlobalSection(SolutionProperties) = preSolution
		HideSolutionNode = FALSE
	EndGlobalSection
EndGlobal
